
Microsoft Visual Studio Solution File, Format Version 12.00
# Visual Studio 15
VisualStudioVersion = 15.0.28307.572
MinimumVisualStudioVersion = 10.0.40219.1
Project("{FAE04EC0-301F-11D3-BF4B-00C04F79EFBC}") = "Technovert.DataFields.Core", "Technovert.DataFields\Technovert.DataFields.Core.csproj", "{4CE2A0CF-FE8B-4811-9856-81E55918C0C5}"
EndProject
Project("{9A19103F-16F7-4668-BE54-9A1E7A4F7556}") = "DataFieldTestApplication", "DataFieldTestApplication\DataFieldTestApplication.csproj", "{A277E0E7-EB6E-4589-9523-44D7861C3680}"
EndProject
Global
	GlobalSection(SolutionConfigurationPlatforms) = preSolution
		Debug|Any CPU = Debug|Any CPU
		Release|Any CPU = Release|Any CPU
	EndGlobalSection
	GlobalSection(ProjectConfigurationPlatforms) = postSolution
		{4CE2A0CF-FE8B-4811-9856-81E55918C0C5}.Debug|Any CPU.ActiveCfg = Debug|Any CPU
		{4CE2A0CF-FE8B-4811-9856-81E55918C0C5}.Debug|Any CPU.Build.0 = Debug|Any CPU
		{4CE2A0CF-FE8B-4811-9856-81E55918C0C5}.Release|Any CPU.ActiveCfg = Release|Any CPU
		{4CE2A0CF-FE8B-4811-9856-81E55918C0C5}.Release|Any CPU.Build.0 = Release|Any CPU
		{A277E0E7-EB6E-4589-9523-44D7861C3680}.Debug|Any CPU.ActiveCfg = Debug|Any CPU
		{A277E0E7-EB6E-4589-9523-44D7861C3680}.Debug|Any CPU.Build.0 = Debug|Any CPU
		{A277E0E7-EB6E-4589-9523-44D7861C3680}.Release|Any CPU.ActiveCfg = Release|Any CPU
		{A277E0E7-EB6E-4589-9523-44D7861C3680}.Release|Any CPU.Build.0 = Release|Any CPU
	EndGlobalSection
	GlobalSection(SolutionProperties) = preSolution
		HideSolutionNode = FALSE
	EndGlobalSection
	GlobalSection(ExtensibilityGlobals) = postSolution
		SolutionGuid = {8EFDF15E-818B-498C-9F0E-E6EAB76BA1D2}
	EndGlobalSection
EndGlobal
